Microsoft Visual Studio Solution File, Format Version 9.00
# Visual Studio 2005
Project("{8BC9CEB8-8B4A-11D0-8D11-00A0C91BC942}") = "mkbug", "mkbug_64.vcproj", "{C85AD3FA-CC71-4E52-B28F-A9F5F9C100E8}"
	ProjectSection(ProjectDependencies) = postProject
		{1A078EAB-0236-4FE7-8D01-6733C7EDBBD4} = {1A078EAB-0236-4FE7-8D01-6733C7EDBBD4}
	EndProjectSection
EndProject
Project("{8BC9CEB8-8B4A-11D0-8D11-00A0C91BC942}") = "mkdemo", "mkdemo_64.vcproj", "{54D78258-9298-4EC0-A1A9-A33FBD244C53}"
	ProjectSection(ProjectDependencies) = postProject
		{F957B6DD-DD9F-47D7-8DE9-E5971C8C5F12} = {F957B6DD-DD9F-47D7-8DE9-E5971C8C5F12}
	EndProjectSection
EndProject
Project("{8BC9CEB8-8B4A-11D0-8D11-00A0C91BC942}") = "mkdist", "mkdist_64.vcproj", "{9D8A27B3-25DC-4F17-BB6F-EB7C81052C5D}"
	ProjectSection(ProjectDependencies) = postProject
		{F957B6DD-DD9F-47D7-8DE9-E5971C8C5F12} = {F957B6DD-DD9F-47D7-8DE9-E5971C8C5F12}
		{1A078EAB-0236-4FE7-8D01-6733C7EDBBD4} = {1A078EAB-0236-4FE7-8D01-6733C7EDBBD4}
		{339D7839-433D-4DE5-A8B6-54823FD884A1} = {339D7839-433D-4DE5-A8B6-54823FD884A1}
		{EA281CEE-3409-4143-8C4E-AFFAAA6A7B16} = {EA281CEE-3409-4143-8C4E-AFFAAA6A7B16}
		{B2CC5CC1-9D9C-432B-9B0D-9FC4C2323224} = {B2CC5CC1-9D9C-432B-9B0D-9FC4C2323224}
	EndProjectSection
EndProject
Project("{8BC9CEB8-8B4A-11D0-8D11-00A0C91BC942}") = "mkdll", "mkdll_64.vcproj", "{F957B6DD-DD9F-47D7-8DE9-E5971C8C5F12}"
EndProject
Project("{8BC9CEB8-8B4A-11D0-8D11-00A0C91BC942}") = "mkdump", "mkdump_64.vcproj", "{2E5D9D66-F7A0-488B-AD81-723573A015FA}"
	ProjectSection(ProjectDependencies) = postProject
		{1A078EAB-0236-4FE7-8D01-6733C7EDBBD4} = {1A078EAB-0236-4FE7-8D01-6733C7EDBBD4}
	EndProjectSection
EndProject
Project("{8BC9CEB8-8B4A-11D0-8D11-00A0C91BC942}") = "mkhash", "mkhash_64.vcproj", "{B2CC5CC1-9D9C-432B-9B0D-9FC4C2323224}"
	ProjectSection(ProjectDependencies) = postProject
		{1A078EAB-0236-4FE7-8D01-6733C7EDBBD4} = {1A078EAB-0236-4FE7-8D01-6733C7EDBBD4}
	EndProjectSection
EndProject
Project("{8BC9CEB8-8B4A-11D0-8D11-00A0C91BC942}") = "mklib", "mklib_64.vcproj", "{1A078EAB-0236-4FE7-8D01-6733C7EDBBD4}"
EndProject
Project("{8BC9CEB8-8B4A-11D0-8D11-00A0C91BC942}") = "mkpython", "mkpython_64.vcproj", "{339D7839-433D-4DE5-A8B6-54823FD884A1}"
	ProjectSection(ProjectDependencies) = postProject
		{1A078EAB-0236-4FE7-8D01-6733C7EDBBD4} = {1A078EAB-0236-4FE7-8D01-6733C7EDBBD4}
	EndProjectSection
EndProject
Project("{8BC9CEB8-8B4A-11D0-8D11-00A0C91BC942}") = "mktcl", "mktcl_64.vcproj", "{EA281CEE-3409-4143-8C4E-AFFAAA6A7B16}"
	ProjectSection(ProjectDependencies) = postProject
		{1A078EAB-0236-4FE7-8D01-6733C7EDBBD4} = {1A078EAB-0236-4FE7-8D01-6733C7EDBBD4}
	EndProjectSection
EndProject
Project("{8BC9CEB8-8B4A-11D0-8D11-00A0C91BC942}") = "mktest", "mktest_64.vcproj", "{94BAF742-2F31-4598-83EB-3414BDD4D039}"
	ProjectSection(ProjectDependencies) = postProject
		{1A078EAB-0236-4FE7-8D01-6733C7EDBBD4} = {1A078EAB-0236-4FE7-8D01-6733C7EDBBD4}
	EndProjectSection
EndProject
Global
	GlobalSection(SolutionConfigurationPlatforms) = preSolution
		Debug MFC|Win32 = Debug MFC|Win32
		Debug MFC|x64 = Debug MFC|x64
		Debug STD|Win32 = Debug STD|Win32
		Debug STD|x64 = Debug STD|x64
		Debug|Win32 = Debug|Win32
		Debug|x64 = Debug|x64
		Release|Win32 = Release|Win32
		Release|x64 = Release|x64
	EndGlobalSection
	GlobalSection(ProjectConfigurationPlatforms) = postSolution
		{C85AD3FA-CC71-4E52-B28F-A9F5F9C100E8}.Debug MFC|Win32.ActiveCfg = Debug MFC|Win32
		{C85AD3FA-CC71-4E52-B28F-A9F5F9C100E8}.Debug MFC|Win32.Build.0 = Debug MFC|Win32
		{C85AD3FA-CC71-4E52-B28F-A9F5F9C100E8}.Debug MFC|x64.ActiveCfg = Debug MFC|x64
		{C85AD3FA-CC71-4E52-B28F-A9F5F9C100E8}.Debug MFC|x64.Build.0 = Debug MFC|x64
		{C85AD3FA-CC71-4E52-B28F-A9F5F9C100E8}.Debug STD|Win32.ActiveCfg = Debug STD|Win32
		{C85AD3FA-CC71-4E52-B28F-A9F5F9C100E8}.Debug STD|Win32.Build.0 = Debug STD|Win32
		{C85AD3FA-CC71-4E52-B28F-A9F5F9C100E8}.Debug STD|x64.ActiveCfg = Debug STD|x64
		{C85AD3FA-CC71-4E52-B28F-A9F5F9C100E8}.Debug STD|x64.Build.0 = Debug STD|x64
		{C85AD3FA-CC71-4E52-B28F-A9F5F9C100E8}.Debug|Win32.ActiveCfg = Debug|Win32
		{C85AD3FA-CC71-4E52-B28F-A9F5F9C100E8}.Debug|Win32.Build.0 = Debug|Win32
		{C85AD3FA-CC71-4E52-B28F-A9F5F9C100E8}.Debug|x64.ActiveCfg = Debug|x64
		{C85AD3FA-CC71-4E52-B28F-A9F5F9C100E8}.Debug|x64.Build.0 = Debug|x64
		{C85AD3FA-CC71-4E52-B28F-A9F5F9C100E8}.Release|Win32.ActiveCfg = Release|Win32
		{C85AD3FA-CC71-4E52-B28F-A9F5F9C100E8}.Release|Win32.Build.0 = Release|Win32
		{C85AD3FA-CC71-4E52-B28F-A9F5F9C100E8}.Release|x64.ActiveCfg = Release|x64
		{C85AD3FA-CC71-4E52-B28F-A9F5F9C100E8}.Release|x64.Build.0 = Release|x64
		{54D78258-9298-4EC0-A1A9-A33FBD244C53}.Debug MFC|Win32.ActiveCfg = Debug|Win32
		{54D78258-9298-4EC0-A1A9-A33FBD244C53}.Debug MFC|Win32.Build.0 = Debug|Win32
		{54D78258-9298-4EC0-A1A9-A33FBD244C53}.Debug MFC|x64.ActiveCfg = Debug|x64
		{54D78258-9298-4EC0-A1A9-A33FBD244C53}.Debug MFC|x64.Build.0 = Debug|x64
		{54D78258-9298-4EC0-A1A9-A33FBD244C53}.Debug STD|Win32.ActiveCfg = Debug|Win32
		{54D78258-9298-4EC0-A1A9-A33FBD244C53}.Debug STD|Win32.Build.0 = Debug|Win32
		{54D78258-9298-4EC0-A1A9-A33FBD244C53}.Debug STD|x64.ActiveCfg = Debug|x64
		{54D78258-9298-4EC0-A1A9-A33FBD244C53}.Debug STD|x64.Build.0 = Debug|x64
		{54D78258-9298-4EC0-A1A9-A33FBD244C53}.Debug|Win32.ActiveCfg = Debug|Win32
		{54D78258-9298-4EC0-A1A9-A33FBD244C53}.Debug|Win32.Build.0 = Debug|Win32
		{54D78258-9298-4EC0-A1A9-A33FBD244C53}.Debug|x64.ActiveCfg = Debug|x64
		{54D78258-9298-4EC0-A1A9-A33FBD244C53}.Debug|x64.Build.0 = Debug|x64
		{54D78258-9298-4EC0-A1A9-A33FBD244C53}.Release|Win32.ActiveCfg = Release|Win32
		{54D78258-9298-4EC0-A1A9-A33FBD244C53}.Release|Win32.Build.0 = Release|Win32
		{54D78258-9298-4EC0-A1A9-A33FBD244C53}.Release|x64.ActiveCfg = Release|x64
		{54D78258-9298-4EC0-A1A9-A33FBD244C53}.Release|x64.Build.0 = Release|x64
		{9D8A27B3-25DC-4F17-BB6F-EB7C81052C5D}.Debug MFC|Win32.ActiveCfg = Release|Win32
		{9D8A27B3-25DC-4F17-BB6F-EB7C81052C5D}.Debug MFC|Win32.Build.0 = Release|Win32
		{9D8A27B3-25DC-4F17-BB6F-EB7C81052C5D}.Debug MFC|x64.ActiveCfg = Release|x64
		{9D8A27B3-25DC-4F17-BB6F-EB7C81052C5D}.Debug MFC|x64.Build.0 = Release|x64
		{9D8A27B3-25DC-4F17-BB6F-EB7C81052C5D}.Debug STD|Win32.ActiveCfg = Release|Win32
		{9D8A27B3-25DC-4F17-BB6F-EB7C81052C5D}.Debug STD|Win32.Build.0 = Release|Win32
		{9D8A27B3-25DC-4F17-BB6F-EB7C81052C5D}.Debug STD|x64.ActiveCfg = Release|x64
		{9D8A27B3-25DC-4F17-BB6F-EB7C81052C5D}.Debug STD|x64.Build.0 = Release|x64
		{9D8A27B3-25DC-4F17-BB6F-EB7C81052C5D}.Debug|Win32.ActiveCfg = Release|Win32
		{9D8A27B3-25DC-4F17-BB6F-EB7C81052C5D}.Debug|Win32.Build.0 = Release|Win32
		{9D8A27B3-25DC-4F17-BB6F-EB7C81052C5D}.Debug|x64.ActiveCfg = Release|x64
		{9D8A27B3-25DC-4F17-BB6F-EB7C81052C5D}.Debug|x64.Build.0 = Release|x64
		{9D8A27B3-25DC-4F17-BB6F-EB7C81052C5D}.Release|Win32.ActiveCfg = Release|Win32
		{9D8A27B3-25DC-4F17-BB6F-EB7C81052C5D}.Release|Win32.Build.0 = Release|Win32
		{9D8A27B3-25DC-4F17-BB6F-EB7C81052C5D}.Release|x64.ActiveCfg = Release|x64
		{9D8A27B3-25DC-4F17-BB6F-EB7C81052C5D}.Release|x64.Build.0 = Release|x64
		{F957B6DD-DD9F-47D7-8DE9-E5971C8C5F12}.Debug MFC|Win32.ActiveCfg = Debug|Win32
		{F957B6DD-DD9F-47D7-8DE9-E5971C8C5F12}.Debug MFC|Win32.Build.0 = Debug|Win32
		{F957B6DD-DD9F-47D7-8DE9-E5971C8C5F12}.Debug MFC|x64.ActiveCfg = Release|x64
		{F957B6DD-DD9F-47D7-8DE9-E5971C8C5F12}.Debug MFC|x64.Build.0 = Release|x64
		{F957B6DD-DD9F-47D7-8DE9-E5971C8C5F12}.Debug STD|Win32.ActiveCfg = Debug|Win32
		{F957B6DD-DD9F-47D7-8DE9-E5971C8C5F12}.Debug STD|Win32.Build.0 = Debug|Win32
		{F957B6DD-DD9F-47D7-8DE9-E5971C8C5F12}.Debug STD|x64.ActiveCfg = Debug|x64
		{F957B6DD-DD9F-47D7-8DE9-E5971C8C5F12}.Debug STD|x64.Build.0 = Debug|x64
		{F957B6DD-DD9F-47D7-8DE9-E5971C8C5F12}.Debug|Win32.ActiveCfg = Debug|Win32
		{F957B6DD-DD9F-47D7-8DE9-E5971C8C5F12}.Debug|Win32.Build.0 = Debug|Win32
		{F957B6DD-DD9F-47D7-8DE9-E5971C8C5F12}.Debug|x64.ActiveCfg = Debug|x64
		{F957B6DD-DD9F-47D7-8DE9-E5971C8C5F12}.Debug|x64.Build.0 = Debug|x64
		{F957B6DD-DD9F-47D7-8DE9-E5971C8C5F12}.Release|Win32.ActiveCfg = Release|Win32
		{F957B6DD-DD9F-47D7-8DE9-E5971C8C5F12}.Release|Win32.Build.0 = Release|Win32
		{F957B6DD-DD9F-47D7-8DE9-E5971C8C5F12}.Release|x64.ActiveCfg = Release|x64
		{F957B6DD-DD9F-47D7-8DE9-E5971C8C5F12}.Release|x64.Build.0 = Release|x64
		{2E5D9D66-F7A0-488B-AD81-723573A015FA}.Debug MFC|Win32.ActiveCfg = Debug|Win32
		{2E5D9D66-F7A0-488B-AD81-723573A015FA}.Debug MFC|Win32.Build.0 = Debug|Win32
		{2E5D9D66-F7A0-488B-AD81-723573A015FA}.Debug MFC|x64.ActiveCfg = Debug|x64
		{2E5D9D66-F7A0-488B-AD81-723573A015FA}.Debug MFC|x64.Build.0 = Debug|x64
		{2E5D9D66-F7A0-488B-AD81-723573A015FA}.Debug STD|Win32.ActiveCfg = Debug|Win32
		{2E5D9D66-F7A0-488B-AD81-723573A015FA}.Debug STD|Win32.Build.0 = Debug|Win32
		{2E5D9D66-F7A0-488B-AD81-723573A015FA}.Debug STD|x64.ActiveCfg = Debug|x64
		{2E5D9D66-F7A0-488B-AD81-723573A015FA}.Debug STD|x64.Build.0 = Debug|x64
		{2E5D9D66-F7A0-488B-AD81-723573A015FA}.Debug|Win32.ActiveCfg = Debug|Win32
		{2E5D9D66-F7A0-488B-AD81-723573A015FA}.Debug|Win32.Build.0 = Debug|Win32
		{2E5D9D66-F7A0-488B-AD81-723573A015FA}.Debug|x64.ActiveCfg = Debug|x64
		{2E5D9D66-F7A0-488B-AD81-723573A015FA}.Debug|x64.Build.0 = Debug|x64
		{2E5D9D66-F7A0-488B-AD81-723573A015FA}.Release|Win32.ActiveCfg = Release|Win32
		{2E5D9D66-F7A0-488B-AD81-723573A015FA}.Release|Win32.Build.0 = Release|Win32
		{2E5D9D66-F7A0-488B-AD81-723573A015FA}.Release|x64.ActiveCfg = Release|x64
		{2E5D9D66-F7A0-488B-AD81-723573A015FA}.Release|x64.Build.0 = Release|x64
		{B2CC5CC1-9D9C-432B-9B0D-9FC4C2323224}.Debug MFC|Win32.ActiveCfg = Debug MFC|Win32
		{B2CC5CC1-9D9C-432B-9B0D-9FC4C2323224}.Debug MFC|Win32.Build.0 = Debug MFC|Win32
		{B2CC5CC1-9D9C-432B-9B0D-9FC4C2323224}.Debug MFC|x64.ActiveCfg = Debug MFC|x64
		{B2CC5CC1-9D9C-432B-9B0D-9FC4C2323224}.Debug MFC|x64.Build.0 = Debug MFC|x64
		{B2CC5CC1-9D9C-432B-9B0D-9FC4C2323224}.Debug STD|Win32.ActiveCfg = Debug STD|Win32
		{B2CC5CC1-9D9C-432B-9B0D-9FC4C2323224}.Debug STD|Win32.Build.0 = Debug STD|Win32
		{B2CC5CC1-9D9C-432B-9B0D-9FC4C2323224}.Debug STD|x64.ActiveCfg = Debug STD|x64
		{B2CC5CC1-9D9C-432B-9B0D-9FC4C2323224}.Debug STD|x64.Build.0 = Debug STD|x64
		{B2CC5CC1-9D9C-432B-9B0D-9FC4C2323224}.Debug|Win32.ActiveCfg = Debug|Win32
		{B2CC5CC1-9D9C-432B-9B0D-9FC4C2323224}.Debug|Win32.Build.0 = Debug|Win32
		{B2CC5CC1-9D9C-432B-9B0D-9FC4C2323224}.Debug|x64.ActiveCfg = Debug|x64
		{B2CC5CC1-9D9C-432B-9B0D-9FC4C2323224}.Debug|x64.Build.0 = Debug|x64
		{B2CC5CC1-9D9C-432B-9B0D-9FC4C2323224}.Release|Win32.ActiveCfg = Release|Win32
		{B2CC5CC1-9D9C-432B-9B0D-9FC4C2323224}.Release|Win32.Build.0 = Release|Win32
		{B2CC5CC1-9D9C-432B-9B0D-9FC4C2323224}.Release|x64.ActiveCfg = Release|x64
		{B2CC5CC1-9D9C-432B-9B0D-9FC4C2323224}.Release|x64.Build.0 = Release|x64
		{1A078EAB-0236-4FE7-8D01-6733C7EDBBD4}.Debug MFC|Win32.ActiveCfg = Debug MFC|x64
		{1A078EAB-0236-4FE7-8D01-6733C7EDBBD4}.Debug MFC|Win32.Build.0 = Debug MFC|x64
		{1A078EAB-0236-4FE7-8D01-6733C7EDBBD4}.Debug MFC|x64.ActiveCfg = Debug MFC|x64
		{1A078EAB-0236-4FE7-8D01-6733C7EDBBD4}.Debug MFC|x64.Build.0 = Debug MFC|x64
		{1A078EAB-0236-4FE7-8D01-6733C7EDBBD4}.Debug STD|Win32.ActiveCfg = Debug STD|Win32
		{1A078EAB-0236-4FE7-8D01-6733C7EDBBD4}.Debug STD|Win32.Build.0 = Debug STD|Win32
		{1A078EAB-0236-4FE7-8D01-6733C7EDBBD4}.Debug STD|x64.ActiveCfg = Debug STD|x64
		{1A078EAB-0236-4FE7-8D01-6733C7EDBBD4}.Debug STD|x64.Build.0 = Debug STD|x64
		{1A078EAB-0236-4FE7-8D01-6733C7EDBBD4}.Debug|Win32.ActiveCfg = Debug|Win32
		{1A078EAB-0236-4FE7-8D01-6733C7EDBBD4}.Debug|Win32.Build.0 = Debug|Win32
		{1A078EAB-0236-4FE7-8D01-6733C7EDBBD4}.Debug|x64.ActiveCfg = Debug|x64
		{1A078EAB-0236-4FE7-8D01-6733C7EDBBD4}.Debug|x64.Build.0 = Debug|x64
		{1A078EAB-0236-4FE7-8D01-6733C7EDBBD4}.Release|Win32.ActiveCfg = Release|Win32
		{1A078EAB-0236-4FE7-8D01-6733C7EDBBD4}.Release|Win32.Build.0 = Release|Win32
		{1A078EAB-0236-4FE7-8D01-6733C7EDBBD4}.Release|x64.ActiveCfg = Release|x64
		{1A078EAB-0236-4FE7-8D01-6733C7EDBBD4}.Release|x64.Build.0 = Release|x64
		{339D7839-433D-4DE5-A8B6-54823FD884A1}.Debug MFC|Win32.ActiveCfg = Debug|Win32
		{339D7839-433D-4DE5-A8B6-54823FD884A1}.Debug MFC|Win32.Build.0 = Debug|Win32
		{339D7839-433D-4DE5-A8B6-54823FD884A1}.Debug MFC|x64.ActiveCfg = Debug|x64
		{339D7839-433D-4DE5-A8B6-54823FD884A1}.Debug MFC|x64.Build.0 = Debug|x64
		{339D7839-433D-4DE5-A8B6-54823FD884A1}.Debug STD|Win32.ActiveCfg = Debug|Win32
		{339D7839-433D-4DE5-A8B6-54823FD884A1}.Debug STD|Win32.Build.0 = Debug|Win32
		{339D7839-433D-4DE5-A8B6-54823FD884A1}.Debug STD|x64.ActiveCfg = Debug|x64
		{339D7839-433D-4DE5-A8B6-54823FD884A1}.Debug STD|x64.Build.0 = Debug|x64
		{339D7839-433D-4DE5-A8B6-54823FD884A1}.Debug|Win32.ActiveCfg = Debug|Win32
		{339D7839-433D-4DE5-A8B6-54823FD884A1}.Debug|Win32.Build.0 = Debug|Win32
		{339D7839-433D-4DE5-A8B6-54823FD884A1}.Debug|x64.ActiveCfg = Debug|x64
		{339D7839-433D-4DE5-A8B6-54823FD884A1}.Debug|x64.Build.0 = Debug|x64
		{339D7839-433D-4DE5-A8B6-54823FD884A1}.Release|Win32.ActiveCfg = Release|Win32
		{339D7839-433D-4DE5-A8B6-54823FD884A1}.Release|Win32.Build.0 = Release|Win32
		{339D7839-433D-4DE5-A8B6-54823FD884A1}.Release|x64.ActiveCfg = Release|x64
		{339D7839-433D-4DE5-A8B6-54823FD884A1}.Release|x64.Build.0 = Release|x64
		{EA281CEE-3409-4143-8C4E-AFFAAA6A7B16}.Debug MFC|Win32.ActiveCfg = Debug|Win32
		{EA281CEE-3409-4143-8C4E-AFFAAA6A7B16}.Debug MFC|Win32.Build.0 = Debug|Win32
		{EA281CEE-3409-4143-8C4E-AFFAAA6A7B16}.Debug MFC|x64.ActiveCfg = Debug|x64
		{EA281CEE-3409-4143-8C4E-AFFAAA6A7B16}.Debug MFC|x64.Build.0 = Debug|x64
		{EA281CEE-3409-4143-8C4E-AFFAAA6A7B16}.Debug STD|Win32.ActiveCfg = Debug|Win32
		{EA281CEE-3409-4143-8C4E-AFFAAA6A7B16}.Debug STD|Win32.Build.0 = Debug|Win32
		{EA281CEE-3409-4143-8C4E-AFFAAA6A7B16}.Debug STD|x64.ActiveCfg = Debug|x64
		{EA281CEE-3409-4143-8C4E-AFFAAA6A7B16}.Debug STD|x64.Build.0 = Debug|x64
		{EA281CEE-3409-4143-8C4E-AFFAAA6A7B16}.Debug|Win32.ActiveCfg = Debug|Win32
		{EA281CEE-3409-4143-8C4E-AFFAAA6A7B16}.Debug|Win32.Build.0 = Debug|Win32
		{EA281CEE-3409-4143-8C4E-AFFAAA6A7B16}.Debug|x64.ActiveCfg = Debug|x64
		{EA281CEE-3409-4143-8C4E-AFFAAA6A7B16}.Debug|x64.Build.0 = Debug|x64
		{EA281CEE-3409-4143-8C4E-AFFAAA6A7B16}.Release|Win32.ActiveCfg = Release|Win32
		{EA281CEE-3409-4143-8C4E-AFFAAA6A7B16}.Release|Win32.Build.0 = Release|Win32
		{EA281CEE-3409-4143-8C4E-AFFAAA6A7B16}.Release|x64.ActiveCfg = Release|x64
		{EA281CEE-3409-4143-8C4E-AFFAAA6A7B16}.Release|x64.Build.0 = Release|x64
		{94BAF742-2F31-4598-83EB-3414BDD4D039}.Debug MFC|Win32.ActiveCfg = Debug MFC|Win32
		{94BAF742-2F31-4598-83EB-3414BDD4D039}.Debug MFC|Win32.Build.0 = Debug MFC|Win32
		{94BAF742-2F31-4598-83EB-3414BDD4D039}.Debug MFC|x64.ActiveCfg = Debug MFC|x64
		{94BAF742-2F31-4598-83EB-3414BDD4D039}.Debug MFC|x64.Build.0 = Debug MFC|x64
		{94BAF742-2F31-4598-83EB-3414BDD4D039}.Debug STD|Win32.ActiveCfg = Debug STD|Win32
		{94BAF742-2F31-4598-83EB-3414BDD4D039}.Debug STD|Win32.Build.0 = Debug STD|Win32
		{94BAF742-2F31-4598-83EB-3414BDD4D039}.Debug STD|x64.ActiveCfg = Debug STD|x64
		{94BAF742-2F31-4598-83EB-3414BDD4D039}.Debug STD|x64.Build.0 = Debug STD|x64
		{94BAF742-2F31-4598-83EB-3414BDD4D039}.Debug|Win32.ActiveCfg = Debug|Win32
		{94BAF742-2F31-4598-83EB-3414BDD4D039}.Debug|Win32.Build.0 = Debug|Win32
		{94BAF742-2F31-4598-83EB-3414BDD4D039}.Debug|x64.ActiveCfg = Debug|x64
		{94BAF742-2F31-4598-83EB-3414BDD4D039}.Debug|x64.Build.0 = Debug|x64
		{94BAF742-2F31-4598-83EB-3414BDD4D039}.Release|Win32.ActiveCfg = Release|Win32
		{94BAF742-2F31-4598-83EB-3414BDD4D039}.Release|Win32.Build.0 = Release|Win32
		{94BAF742-2F31-4598-83EB-3414BDD4D039}.Release|x64.ActiveCfg = Release|x64
		{94BAF742-2F31-4598-83EB-3414BDD4D039}.Release|x64.Build.0 = Release|x64
	EndGlobalSection
	GlobalSection(SolutionProperties) = preSolution
		HideSolutionNode = FALSE
	EndGlobalSection
EndGlobal
